
Microsoft Visual Studio Solution File, Format Version 12.00
# Visual Studio Version 16
VisualStudioVersion = 16.0.30413.136
MinimumVisualStudioVersion = 10.0.40219.1
Project("{FAE04EC0-301F-11D3-BF4B-00C04F79EFBC}") = "Munchin.BookStore", "Munchin.BookStore\Munchin.BookStore.csproj", "{001062C9-A19B-4A8D-A48E-CF94DDE87522}"
EndProject
Global
	GlobalSection(SolutionConfigurationPlatforms) = preSolution
		Debug|Any CPU = Debug|Any CPU
		Release|Any CPU = Release|Any CPU
	EndGlobalSection
	GlobalSection(ProjectConfigurationPlatforms) = postSolution
		{001062C9-A19B-4A8D-A48E-CF94DDE87522}.Debug|Any CPU.ActiveCfg = Debug|Any CPU
		{001062C9-A19B-4A8D-A48E-CF94DDE87522}.Debug|Any CPU.Build.0 = Debug|Any CPU
		{001062C9-A19B-4A8D-A48E-CF94DDE87522}.Release|Any CPU.ActiveCfg = Release|Any CPU
		{001062C9-A19B-4A8D-A48E-CF94DDE87522}.Release|Any CPU.Build.0 = Release|Any CPU
	EndGlobalSection
	GlobalSection(SolutionProperties) = preSolution
		HideSolutionNode = FALSE
	EndGlobalSection
	GlobalSection(ExtensibilityGlobals) = postSolution
		SolutionGuid = {0603447D-EC56-4C3B-B3F2-AA7394B2996F}
	EndGlobalSection
EndGlobal
